{
  "nodes": {
    "dotbin": {
      "flake": false,
      "locked": {
        "lastModified": 1776187001,
        "narHash": "sha256-RdUHiXrCgbQGXixKAuh8zJxUEim7lsYs1hg0vBNszkA=",
        "owner": "pikaro",
        "repo": "dotbin",
        "rev": "4344fc8c934db608c89e686d4b5389dd3f2dc98e",
        "type": "github"
      },
      "original": {
        "owner": "pikaro",
        "ref": "master",
        "repo": "dotbin",
        "type": "github"
      }
    },
    "dotconf": {
      "flake": false,
      "locked": {
        "lastModified": 1769338690,
        "narHash": "sha256-tVp3ELZxfpBjivrOcsel1yeYM3pyBCSFfTB8tueNpbg=",
        "owner": "pikaro",
        "repo": "dotconf",
        "rev": "0a762957121feb3fbe3509ac9f93f40a696d8c9c",
        "type": "github"
      },
      "original": {
        "owner": "pikaro",
        "ref": "master",
        "repo": "dotconf",
        "type": "github"
      }
    },
    "dotinc": {
      "flake": false,
      "locked": {
        "lastModified": 1775038105,
        "narHash": "sha256-yNyPE4yaDUevjyKR7EfkgWgGa6GYOT4f1YBugfxrsQQ=",
        "owner": "pikaro",
        "repo": "dotinc",
        "rev": "13eb6bd23e1f73b5a678748e2b58f1dacc59989b",
        "type": "github"
      },
      "original": {
        "owner": "pikaro",
        "ref": "master",
        "repo": "dotinc",
        "type": "github"
      }
    },
    "home-manager": {
      "inputs": {
        "nixpkgs": [
          "nixpkgs"
        ]
      },
      "locked": {
        "lastModified": 1776184304,
        "narHash": "sha256-No6QGBmIv5ChiwKCcbkxjdEQ/RO2ZS1gD7SFy6EZ7rc=",
        "owner": "nix-community",
        "repo": "home-manager",
        "rev": "3c7524c68348ef79ce48308e0978611a050089b2",
        "type": "github"
      },
      "original": {
        "owner": "nix-community",
        "ref": "master",
        "repo": "home-manager",
        "type": "github"
      }
    },
    "keyboard": {
      "flake": false,
      "locked": {
        "lastModified": 1346320974,
        "narHash": "sha256-YUuHcPjVralJaXMXuO8XTsypWnRf5Zb/6KaJ9U3n9eY=",
        "type": "tarball",
        "url": "https://sourceforge.net/projects/uscustom/files/uscustom.2012-08-30.zip/download"
      },
      "original": {
        "type": "tarball",
        "url": "https://sourceforge.net/projects/uscustom/files/uscustom.2012-08-30.zip/download"
      }
    },
    "kitty": {
      "flake": false,
      "locked": {
        "lastModified": 1768659120,
        "narHash": "sha256-95IkvL4OOhMyO51EjkUuxGSti4FeHkrnb+Grpp7DWHs=",
        "owner": "pikaro",
        "repo": "kitty",
        "rev": "47904551f45f561104b7f89af1d8ed2db21dc108",
        "type": "github"
      },
      "original": {
        "owner": "pikaro",
        "ref": "master",
        "repo": "kitty",
        "type": "github"
      }
    },
    "nix-darwin": {
      "inputs": {
        "nixpkgs": [
          "nixpkgs"
        ]
      },
      "locked": {
        "lastModified": 1775037210,
        "narHash": "sha256-KM2WYj6EA7M/FVZVCl3rqWY+TFV5QzSyyGE2gQxeODU=",
        "owner": "LnL7",
        "repo": "nix-darwin",
        "rev": "06648f4902343228ce2de79f291dd5a58ee12146",
        "type": "github"
      },
      "original": {
        "owner": "LnL7",
        "ref": "master",
        "repo": "nix-darwin",
        "type": "github"
      }
    },
    "nixpkgs": {
      "locked": {
        "lastModified": 1775888245,
        "narHash": "sha256-nwASzrRDD1JBEu/o8ekKYEXm/oJW6EMCzCRdrwcLe90=",
        "owner": "NixOS",
        "repo": "nixpkgs",
        "rev": "13043924aaa7375ce482ebe2494338e058282925",
        "type": "github"
      },
      "original": {
        "owner": "NixOS",
        "ref": "nixpkgs-unstable",
        "repo": "nixpkgs",
        "type": "github"
      }
    },
    "nvim": {
      "flake": false,
      "locked": {
        "lastModified": 1776184660,
        "narHash": "sha256-PtixzcwX76wj25ioi1PeV4i+0bOBybwoDaHMZpeBznw=",
        "owner": "pikaro",
        "repo": "nvim",
        "rev": "8da722264f2001c3c5c8c161611c388d6397f86e",
        "type": "github"
      },
      "original": {
        "owner": "pikaro",
        "ref": "master",
        "repo": "nvim",
        "type": "github"
      }
    },
    "root": {
      "inputs": {
        "dotbin": "dotbin",
        "dotconf": "dotconf",
        "dotinc": "dotinc",
        "home-manager": "home-manager",
        "keyboard": "keyboard",
        "kitty": "kitty",
        "nix-darwin": "nix-darwin",
        "nixpkgs": "nixpkgs",
        "nvim": "nvim",
        "sketchybar": "sketchybar",
        "sketchybar-app-font": "sketchybar-app-font",
        "wallpapers": "wallpapers"
      }
    },
    "sketchybar": {
      "flake": false,
      "locked": {
        "lastModified": 1776187669,
        "narHash": "sha256-8pfk+5us27MQLZU569ogULzuPA7Q0xqwwBgQg3anmAY=",
        "owner": "pikaro",
        "repo": "sketchybar",
        "rev": "c039c811d7f3821c33ea0e274a372a300aff53ab",
        "type": "github"
      },
      "original": {
        "owner": "pikaro",
        "ref": "main",
        "repo": "sketchybar",
        "type": "github"
      }
    },
    "sketchybar-app-font": {
      "flake": false,
      "locked": {
        "narHash": "sha256-BP1LSRKXYqUHRh3+eWVGEjC3WuoFwbGUZiFD0V2JTa4=",
        "type": "file",
        "url": "https://github.com/kvndrsslr/sketchybar-app-font/releases/download/v2.0.5/sketchybar-app-font.ttf"
      },
      "original": {
        "type": "file",
        "url": "https://github.com/kvndrsslr/sketchybar-app-font/releases/download/v2.0.5/sketchybar-app-font.ttf"
      }
    },
    "wallpapers": {
      "flake": false,
      "locked": {
        "lastModified": 1768684800,
        "narHash": "sha256-XIAMPEMXRNJj6hVVHrIgBngICYlJi9lKGyLyrxx9B34=",
        "owner": "pikaro",
        "repo": "wallpapers",
        "rev": "0af46ced1c28a1dea6f1cdb5d266c9ee434e8438",
        "type": "github"
      },
      "original": {
        "owner": "pikaro",
        "ref": "main",
        "repo": "wallpapers",
        "type": "github"
      }
    }
  },
  "root": "root",
  "version": 7
}
