{
  "nodes": {
    "dotbin": {
      "flake": false,
      "locked": {
        "lastModified": 1768740799,
        "narHash": "sha256-zmdugSg2WrLMepvo2/rd7vnSqjjJMdAjqf2ZfwMw8gw=",
        "owner": "pikaro",
        "repo": "dotbin",
        "rev": "16fc2469fcecabc671cc56fbf0398e02ff25c7a9",
        "type": "github"
      },
      "original": {
        "owner": "pikaro",
        "ref": "master",
        "repo": "dotbin",
        "type": "github"
      }
    },
    "dotconf": {
      "flake": false,
      "locked": {
        "lastModified": 1768757557,
        "narHash": "sha256-TQJEimsCKzpZlLluQjeuykS1EcX+hP9S6FfiqVdPoRo=",
        "owner": "pikaro",
        "repo": "dotconf",
        "rev": "8bb4d36c00ea0424f4321b9f9866af7579976641",
        "type": "github"
      },
      "original": {
        "owner": "pikaro",
        "ref": "master",
        "repo": "dotconf",
        "type": "github"
      }
    },
    "dotinc": {
      "flake": false,
      "locked": {
        "lastModified": 1768667808,
        "narHash": "sha256-JpWIEf3M0FJF1Zrmeg8JhoiZf15wqBiTBVGTb0oLXN0=",
        "owner": "pikaro",
        "repo": "dotinc",
        "rev": "7122f34a36ac544b2d86e1c36ca39f1208e7dbe9",
        "type": "github"
      },
      "original": {
        "owner": "pikaro",
        "ref": "master",
        "repo": "dotinc",
        "type": "github"
      }
    },
    "home-manager": {
      "inputs": {
        "nixpkgs": [
          "nixpkgs"
        ]
      },
      "locked": {
        "lastModified": 1768749864,
        "narHash": "sha256-EKRMFBLBRCHrFZ5luX85RTnsN3b2q3FjZEi62vXwJBE=",
        "owner": "nix-community",
        "repo": "home-manager",
        "rev": "5148e08046dc8c74c66b8aee4d302a47d6931b56",
        "type": "github"
      },
      "original": {
        "owner": "nix-community",
        "ref": "master",
        "repo": "home-manager",
        "type": "github"
      }
    },
    "keyboard": {
      "flake": false,
      "locked": {
        "lastModified": 1346320974,
        "narHash": "sha256-YUuHcPjVralJaXMXuO8XTsypWnRf5Zb/6KaJ9U3n9eY=",
        "type": "tarball",
        "url": "https://sourceforge.net/projects/uscustom/files/uscustom.2012-08-30.zip/download"
      },
      "original": {
        "type": "tarball",
        "url": "https://sourceforge.net/projects/uscustom/files/uscustom.2012-08-30.zip/download"
      }
    },
    "kitty": {
      "flake": false,
      "locked": {
        "lastModified": 1768659120,
        "narHash": "sha256-95IkvL4OOhMyO51EjkUuxGSti4FeHkrnb+Grpp7DWHs=",
        "owner": "pikaro",
        "repo": "kitty",
        "rev": "47904551f45f561104b7f89af1d8ed2db21dc108",
        "type": "github"
      },
      "original": {
        "owner": "pikaro",
        "ref": "master",
        "repo": "kitty",
        "type": "github"
      }
    },
    "nix-darwin": {
      "inputs": {
        "nixpkgs": [
          "nixpkgs"
        ]
      },
      "locked": {
        "lastModified": 1768561867,
        "narHash": "sha256-prGOZ+w3pZfGTRxworKcJliCNsewF0L4HUPjgU/6eaw=",
        "owner": "LnL7",
        "repo": "nix-darwin",
        "rev": "8b720b9662d4dd19048664b7e4216ce530591adc",
        "type": "github"
      },
      "original": {
        "owner": "LnL7",
        "ref": "master",
        "repo": "nix-darwin",
        "type": "github"
      }
    },
    "nixpkgs": {
      "locked": {
        "lastModified": 1768661221,
        "narHash": "sha256-MJwOjrIISfOpdI9x4C+5WFQXvHtOuj5mqLZ4TMEtk1M=",
        "owner": "NixOS",
        "repo": "nixpkgs",
        "rev": "3327b113f2ef698d380df83fbccefad7e83d7769",
        "type": "github"
      },
      "original": {
        "owner": "NixOS",
        "ref": "nixpkgs-unstable",
        "repo": "nixpkgs",
        "type": "github"
      }
    },
    "nvim": {
      "flake": false,
      "locked": {
        "lastModified": 1763417236,
        "narHash": "sha256-FdETW0/N+B7XnVcmQ/EVKlz7ltQFDWGvlmP7z550sVY=",
        "owner": "pikaro",
        "repo": "nvim",
        "rev": "c2f61549b589ae7978030ad7799bea224c4ae521",
        "type": "github"
      },
      "original": {
        "owner": "pikaro",
        "ref": "master",
        "repo": "nvim",
        "type": "github"
      }
    },
    "root": {
      "inputs": {
        "dotbin": "dotbin",
        "dotconf": "dotconf",
        "dotinc": "dotinc",
        "home-manager": "home-manager",
        "keyboard": "keyboard",
        "kitty": "kitty",
        "nix-darwin": "nix-darwin",
        "nixpkgs": "nixpkgs",
        "nvim": "nvim",
        "sketchybar": "sketchybar",
        "sketchybar-app-font": "sketchybar-app-font",
        "wallpapers": "wallpapers"
      }
    },
    "sketchybar": {
      "flake": false,
      "locked": {
        "lastModified": 1768757447,
        "narHash": "sha256-Pn2gyKP+ctJlPw6EZGoqpnQlsvDMVYmfo7XEw/H3wcs=",
        "owner": "pikaro",
        "repo": "sketchybar",
        "rev": "ee5559dd57c43b5019d80d36e4943344c0ca2ed4",
        "type": "github"
      },
      "original": {
        "owner": "pikaro",
        "ref": "main",
        "repo": "sketchybar",
        "type": "github"
      }
    },
    "sketchybar-app-font": {
      "flake": false,
      "locked": {
        "narHash": "sha256-BP1LSRKXYqUHRh3+eWVGEjC3WuoFwbGUZiFD0V2JTa4=",
        "type": "file",
        "url": "https://github.com/kvndrsslr/sketchybar-app-font/releases/download/v2.0.5/sketchybar-app-font.ttf"
      },
      "original": {
        "type": "file",
        "url": "https://github.com/kvndrsslr/sketchybar-app-font/releases/download/v2.0.5/sketchybar-app-font.ttf"
      }
    },
    "wallpapers": {
      "flake": false,
      "locked": {
        "lastModified": 1768684800,
        "narHash": "sha256-XIAMPEMXRNJj6hVVHrIgBngICYlJi9lKGyLyrxx9B34=",
        "owner": "pikaro",
        "repo": "wallpapers",
        "rev": "0af46ced1c28a1dea6f1cdb5d266c9ee434e8438",
        "type": "github"
      },
      "original": {
        "owner": "pikaro",
        "ref": "main",
        "repo": "wallpapers",
        "type": "github"
      }
    }
  },
  "root": "root",
  "version": 7
}
