{
  "nodes": {
    "dotbin": {
      "flake": false,
      "locked": {
        "lastModified": 1746800748,
        "narHash": "sha256-WgV6gzHHiTkZ2CNB2/hKWOvpmEwlfMy2PW2sqT55PsI=",
        "owner": "pikaro",
        "repo": "dotbin",
        "rev": "bd0ed13890c47f7faae34bba92ad4221b78f6b76",
        "type": "github"
      },
      "original": {
        "owner": "pikaro",
        "ref": "master",
        "repo": "dotbin",
        "type": "github"
      }
    },
    "dotconf": {
      "flake": false,
      "locked": {
        "lastModified": 1746817402,
        "narHash": "sha256-v0deRmwOxtEhbfU3UoK8wWgg5YQZK5NHp5lSY4fp6GA=",
        "owner": "pikaro",
        "repo": "dotconf",
        "rev": "89464949eae62ed8bafe151c7e4acb24b3b0e971",
        "type": "github"
      },
      "original": {
        "owner": "pikaro",
        "ref": "master",
        "repo": "dotconf",
        "type": "github"
      }
    },
    "dotinc": {
      "flake": false,
      "locked": {
        "lastModified": 1744906232,
        "narHash": "sha256-TSwzNtgbe4T0tVcEb0Fse1YgACCsMpZgNx9H9N216rg=",
        "owner": "pikaro",
        "repo": "dotinc",
        "rev": "7e3bb71c38fe4a05288199466496fe13866b0911",
        "type": "github"
      },
      "original": {
        "owner": "pikaro",
        "ref": "master",
        "repo": "dotinc",
        "type": "github"
      }
    },
    "home-manager": {
      "inputs": {
        "nixpkgs": [
          "nixpkgs"
        ]
      },
      "locked": {
        "lastModified": 1750304462,
        "narHash": "sha256-Mj5t4yX05/rXnRqJkpoLZTWqgStB88Mr/fegTRqyiWc=",
        "owner": "nix-community",
        "repo": "home-manager",
        "rev": "863842639722dd12ae9e37ca83bcb61a63b36f6c",
        "type": "github"
      },
      "original": {
        "owner": "nix-community",
        "ref": "master",
        "repo": "home-manager",
        "type": "github"
      }
    },
    "keyboard": {
      "flake": false,
      "locked": {
        "lastModified": 1346320974,
        "narHash": "sha256-YUuHcPjVralJaXMXuO8XTsypWnRf5Zb/6KaJ9U3n9eY=",
        "type": "tarball",
        "url": "https://sourceforge.net/projects/uscustom/files/uscustom.2012-08-30.zip/download"
      },
      "original": {
        "type": "tarball",
        "url": "https://sourceforge.net/projects/uscustom/files/uscustom.2012-08-30.zip/download"
      }
    },
    "kitty": {
      "flake": false,
      "locked": {
        "lastModified": 1746696184,
        "narHash": "sha256-oX8QldVTnKPnqgiIWYLpo0WkN9FBQOZ2I7R+etAz6kg=",
        "owner": "pikaro",
        "repo": "kitty",
        "rev": "6151b1e03a8f42912d103e45f95a6678d40a8b77",
        "type": "github"
      },
      "original": {
        "owner": "pikaro",
        "ref": "master",
        "repo": "kitty",
        "type": "github"
      }
    },
    "nix-darwin": {
      "inputs": {
        "nixpkgs": [
          "nixpkgs"
        ]
      },
      "locked": {
        "lastModified": 1750325256,
        "narHash": "sha256-vvlxGz/waqJ3TGqM/iqXbnEc7/R1qnEXmaBiPaQ1RE0=",
        "owner": "LnL7",
        "repo": "nix-darwin",
        "rev": "0d71cbf88d63e938b37b85b3bf8b238bcf7b39b9",
        "type": "github"
      },
      "original": {
        "owner": "LnL7",
        "ref": "master",
        "repo": "nix-darwin",
        "type": "github"
      }
    },
    "nixpkgs": {
      "locked": {
        "lastModified": 1750215678,
        "narHash": "sha256-Rc/ytpamXRf6z8UA2SGa4aaWxUXRbX2MAWIu2C8M+ok=",
        "owner": "NixOS",
        "repo": "nixpkgs",
        "rev": "5395fb3ab3f97b9b7abca147249fa2e8ed27b192",
        "type": "github"
      },
      "original": {
        "owner": "NixOS",
        "ref": "nixpkgs-unstable",
        "repo": "nixpkgs",
        "type": "github"
      }
    },
    "nvim": {
      "flake": false,
      "locked": {
        "lastModified": 1750376905,
        "narHash": "sha256-9+hKzYUVvtlAIOPEEFWK8bVfZW/FRAhxJFo5tQNwADU=",
        "owner": "pikaro",
        "repo": "nvim",
        "rev": "75ce638d793060006f3be9f79a2f0d8ac8d3f05a",
        "type": "github"
      },
      "original": {
        "owner": "pikaro",
        "ref": "master",
        "repo": "nvim",
        "type": "github"
      }
    },
    "root": {
      "inputs": {
        "dotbin": "dotbin",
        "dotconf": "dotconf",
        "dotinc": "dotinc",
        "home-manager": "home-manager",
        "keyboard": "keyboard",
        "kitty": "kitty",
        "nix-darwin": "nix-darwin",
        "nixpkgs": "nixpkgs",
        "nvim": "nvim"
      }
    }
  },
  "root": "root",
  "version": 7
}
